{
  "name": "echo-dispatch-adapter",
  "version": "1.0.0",
  "lockfileVersion": 3,
  "requires": true,
  "packages": {
    "": {
      "name": "echo-dispatch-adapter",
      "version": "1.0.0",
      "dependencies": {
        "@operator/projectkit": "github:taylorSando/projectkit#v0.7.0"
      },
      "bin": {
        "echo-dispatch-adapter": "server.mjs"
      },
      "engines": {
        "node": ">=18"
      }
    },
    "node_modules/@operator/projectkit": {
      "version": "0.7.0",
      "resolved": "git+ssh://git@github.com/taylorSando/projectkit.git#bf86c663ee61c5a574b28db62b46403626c5e260",
      "license": "MIT",
      "bin": {
        "handoff": "bin/handoff.mjs"
      },
      "engines": {
        "node": ">=18"
      }
    }
  }
}
