{
  "name": "echo-dispatch-adapter",
  "version": "1.0.0",
  "lockfileVersion": 3,
  "requires": true,
  "packages": {
    "": {
      "name": "echo-dispatch-adapter",
      "version": "1.0.0",
      "dependencies": {
        "@operator/projectkit": "file:../.."
      },
      "bin": {
        "echo-dispatch-adapter": "server.mjs"
      },
      "engines": {
        "node": ">=18"
      }
    },
    "../..": {
      "name": "@operator/projectkit",
      "version": "0.9.2",
      "license": "MIT",
      "bin": {
        "handoff": "bin/handoff.mjs",
        "local-executor": "bin/local-executor.mjs",
        "pull-executor": "bin/pull-executor.mjs"
      },
      "devDependencies": {
        "typescript": "^5.6.0"
      },
      "engines": {
        "node": ">=18"
      }
    },
    "node_modules/@operator/projectkit": {
      "resolved": "../..",
      "link": true
    }
  }
}
